
Microsoft Visual Studio Solution File, Format Version 12.00
# Visual Studio Version 17
VisualStudioVersion = 17.5.33530.505
MinimumVisualStudioVersion = 10.0.40219.1
Project("{FAE04EC0-301F-11D3-BF4B-00C04F79EFBC}") = "Casino", "Casino.csproj", "{48F7A28A-D025-47B7-B2FA-3F9464497553}"
EndProject
Global
	GlobalSection(SolutionConfigurationPlatforms) = preSolution
		Debug|Any CPU = Debug|Any CPU
		Release|Any CPU = Release|Any CPU
	EndGlobalSection
	GlobalSection(ProjectConfigurationPlatforms) = postSolution
		{48F7A28A-D025-47B7-B2FA-3F9464497553}.Debug|Any CPU.ActiveCfg = Debug|Any CPU
		{48F7A28A-D025-47B7-B2FA-3F9464497553}.Debug|Any CPU.Build.0 = Debug|Any CPU
		{48F7A28A-D025-47B7-B2FA-3F9464497553}.Release|Any CPU.ActiveCfg = Release|Any CPU
		{48F7A28A-D025-47B7-B2FA-3F9464497553}.Release|Any CPU.Build.0 = Release|Any CPU
	EndGlobalSection
	GlobalSection(SolutionProperties) = preSolution
		HideSolutionNode = FALSE
	EndGlobalSection
	GlobalSection(ExtensibilityGlobals) = postSolution
		SolutionGuid = {78E37DEB-11B4-4D4C-A59F-6570FF4CA354}
	EndGlobalSection
EndGlobal
